
Microsoft Visual Studio Solution File, Format Version 12.00
# Visual Studio Version 17
VisualStudioVersion = 17.7.34024.191
MinimumVisualStudioVersion = 10.0.40219.1
Project("{FAE04EC0-301F-11D3-BF4B-00C04F79EFBC}") = "FcMessaging", "FcMessaging\FcMessaging.csproj", "{7B95082B-D010-4500-BB94-4BCE7BDE61B0}"
EndProject
Global
	GlobalSection(SolutionConfigurationPlatforms) = preSolution
		Debug|Any CPU = Debug|Any CPU
		Release|Any CPU = Release|Any CPU
	EndGlobalSection
	GlobalSection(ProjectConfigurationPlatforms) = postSolution
		{7B95082B-D010-4500-BB94-4BCE7BDE61B0}.Debug|Any CPU.ActiveCfg = Debug|Any CPU
		{7B95082B-D010-4500-BB94-4BCE7BDE61B0}.Debug|Any CPU.Build.0 = Debug|Any CPU
		{7B95082B-D010-4500-BB94-4BCE7BDE61B0}.Release|Any CPU.ActiveCfg = Release|Any CPU
		{7B95082B-D010-4500-BB94-4BCE7BDE61B0}.Release|Any CPU.Build.0 = Release|Any CPU
	EndGlobalSection
	GlobalSection(SolutionProperties) = preSolution
		HideSolutionNode = FALSE
	EndGlobalSection
	GlobalSection(ExtensibilityGlobals) = postSolution
		SolutionGuid = {91A7FAA7-15D1-4F1D-94C8-CF61D69709AB}
	EndGlobalSection
EndGlobal
